
Microsoft Visual Studio Solution File, Format Version 12.00
# Visual Studio Version 17
VisualStudioVersion = 17.2.32602.215
MinimumVisualStudioVersion = 10.0.40219.1
Project("{FAE04EC0-301F-11D3-BF4B-00C04F79EFBC}") = "NormalBMI", "NormalBMI\NormalBMI.csproj", "{ABE75C3D-5F2B-4AF5-A737-8F555A2EEAAD}"
EndProject
Global
	GlobalSection(SolutionConfigurationPlatforms) = preSolution
		Debug|Any CPU = Debug|Any CPU
		Release|Any CPU = Release|Any CPU
	EndGlobalSection
	GlobalSection(ProjectConfigurationPlatforms) = postSolution
		{ABE75C3D-5F2B-4AF5-A737-8F555A2EEAAD}.Debug|Any CPU.ActiveCfg = Debug|Any CPU
		{ABE75C3D-5F2B-4AF5-A737-8F555A2EEAAD}.Debug|Any CPU.Build.0 = Debug|Any CPU
		{ABE75C3D-5F2B-4AF5-A737-8F555A2EEAAD}.Release|Any CPU.ActiveCfg = Release|Any CPU
		{ABE75C3D-5F2B-4AF5-A737-8F555A2EEAAD}.Release|Any CPU.Build.0 = Release|Any CPU
	EndGlobalSection
	GlobalSection(SolutionProperties) = preSolution
		HideSolutionNode = FALSE
	EndGlobalSection
	GlobalSection(ExtensibilityGlobals) = postSolution
		SolutionGuid = {5F3B06F5-4CFB-4E5D-922A-DEB753A33081}
	EndGlobalSection
EndGlobal
